
Microsoft Visual Studio Solution File, Format Version 12.00
# Visual Studio Version 16
VisualStudioVersion = 16.0.30717.126
MinimumVisualStudioVersion = 10.0.40219.1
Project("{2150E333-8FDC-42A3-9474-1A3956D46DE8}") = "applications", "applications", "{5CF9AC5B-64D4-46BC-A007-6206D65C814A}"
EndProject
Project("{2150E333-8FDC-42A3-9474-1A3956D46DE8}") = "Gateways", "Gateways", "{0A47B1D6-16AA-4AB8-BB75-5CC04E9B31C8}"
EndProject
Project("{2150E333-8FDC-42A3-9474-1A3956D46DE8}") = "microservices", "microservices", "{5BFEE419-FF80-4B77-BFCF-2246F0248572}"
EndProject
Project("{2150E333-8FDC-42A3-9474-1A3956D46DE8}") = "modules", "modules", "{533E321A-9610-49CD-8504-884E4BC69D25}"
EndProject
Project("{9A19103F-16F7-4668-BE54-9A1E7A4F7556}") = "AuthServer.Host", "AuthServer\AuthServer.Host\AuthServer.Host.csproj", "{931F61FF-83CA-4505-8A50-0A17074F7711}"
EndProject
Project("{9A19103F-16F7-4668-BE54-9A1E7A4F7556}") = "BaseService.Host", "BaseService\BaseService.Host\BaseService.Host.csproj", "{CD11C3CA-39B5-43FB-8A86-D7A2C2A16C47}"
EndProject
Project("{9A19103F-16F7-4668-BE54-9A1E7A4F7556}") = "InternalGateway.Host", "Gateways\InternalGateway\InternalGateway.Host\InternalGateway.Host.csproj", "{E25BCCC0-AA00-43F0-A266-D5099CD6DE6D}"
EndProject
Project("{9A19103F-16F7-4668-BE54-9A1E7A4F7556}") = "WebAppGateway.Host", "Gateways\WebAppGateway\WebAppGateway.Host\WebAppGateway.Host.csproj", "{4D7463B1-E88D-472F-8BEE-08D89865D79A}"
EndProject
Project("{9A19103F-16F7-4668-BE54-9A1E7A4F7556}") = "Business.Host", "MicroServices\Business\Business.Host\Business.Host.csproj", "{AC6E88B8-9C49-48D5-AF81-015867F0969C}"
EndProject
Project("{9A19103F-16F7-4668-BE54-9A1E7A4F7556}") = "FileStorage.Host", "MicroServices\FileStorage\FileStorage.Host\FileStorage.Host.csproj", "{C0B4DC85-DBAA-4A03-A63C-4F2691C7246D}"
EndProject
Project("{2150E333-8FDC-42A3-9474-1A3956D46DE8}") = "BaseService", "BaseService", "{60407F2C-C9AF-44F2-8219-161BE258A8F7}"
EndProject
Project("{2150E333-8FDC-42A3-9474-1A3956D46DE8}") = "src", "src", "{3127098C-A3EE-4641-8146-DD58930A9494}"
EndProject
Project("{9A19103F-16F7-4668-BE54-9A1E7A4F7556}") = "BaseService.Application", "BaseService\BaseService.Application\BaseService.Application.csproj", "{0E7400DE-6338-4826-A884-420E8980E5DB}"
EndProject
Project("{9A19103F-16F7-4668-BE54-9A1E7A4F7556}") = "BaseService.Application.Contracts", "BaseService\BaseService.Application.Contracts\BaseService.Application.Contracts.csproj", "{4E97D0A3-C540-4C78-B335-37147216FB07}"
EndProject
Project("{9A19103F-16F7-4668-BE54-9A1E7A4F7556}") = "BaseService.Domain", "BaseService\BaseService.Domain\BaseService.Domain.csproj", "{7FD0A3DF-A199-4B8D-A6BC-7A5399CFC5D2}"
EndProject
Project("{9A19103F-16F7-4668-BE54-9A1E7A4F7556}") = "BaseService.EntityFrameworkCore", "BaseService\BaseService.EntityFrameworkCore\BaseService.EntityFrameworkCore.csproj", "{C2F82C3D-EF28-4B1C-9296-FCFAF6665163}"
EndProject
Project("{9A19103F-16F7-4668-BE54-9A1E7A4F7556}") = "BaseService.HttpApi", "BaseService\BaseService.HttpApi\BaseService.HttpApi.csproj", "{90969988-38E5-4B3B-BA70-DF861DA67E5E}"
EndProject
Project("{9A19103F-16F7-4668-BE54-9A1E7A4F7556}") = "BaseService.HttpApi.Client", "BaseService\BaseService.HttpApi.Client\BaseService.HttpApi.Client.csproj", "{03F9DAF7-52EF-4320-9E2E-57531C70D8B7}"
EndProject
Project("{2150E333-8FDC-42A3-9474-1A3956D46DE8}") = "Business", "Business", "{5438CFE5-41A2-4EA7-936C-053D1E28558F}"
EndProject
Project("{2150E333-8FDC-42A3-9474-1A3956D46DE8}") = "src", "src", "{2F2F5CE6-C555-4BF1-86B5-042D55FB3FE8}"
EndProject
Project("{9A19103F-16F7-4668-BE54-9A1E7A4F7556}") = "Business.Application", "MicroServices\Business\Business.Application\Business.Application.csproj", "{B1E4C391-B947-4D43-9222-E14B5DEB7C08}"
EndProject
Project("{9A19103F-16F7-4668-BE54-9A1E7A4F7556}") = "Business.Application.Contracts", "MicroServices\Business\Business.Application.Contracts\Business.Application.Contracts.csproj", "{0E7F43E4-D526-4D7A-9BF7-33F2F67B038D}"
EndProject
Project("{9A19103F-16F7-4668-BE54-9A1E7A4F7556}") = "Business.Domain", "MicroServices\Business\Business.Domain\Business.Domain.csproj", "{5A8F9972-21AE-424B-B06E-2C91CB111075}"
EndProject
Project("{9A19103F-16F7-4668-BE54-9A1E7A4F7556}") = "Business.EntityFrameworkCore", "MicroServices\Business\Business.EntityFrameworkCore\Business.EntityFrameworkCore.csproj", "{03AF080B-68FF-4D02-8C7C-DF52FDB3B3CF}"
EndProject
Project("{9A19103F-16F7-4668-BE54-9A1E7A4F7556}") = "Business.HttpApi", "MicroServices\Business\Business.HttpApi\Business.HttpApi.csproj", "{7E5E3322-B32E-497B-B3F3-51D40951CDD1}"
EndProject
Project("{9A19103F-16F7-4668-BE54-9A1E7A4F7556}") = "Business.HttpApi.Client", "MicroServices\Business\Business.HttpApi.Client\Business.HttpApi.Client.csproj", "{96C4ECA1-A3EE-4562-AB57-F83D2CABE77D}"
EndProject
Project("{2150E333-8FDC-42A3-9474-1A3956D46DE8}") = "FileStorage", "FileStorage", "{84DF55F0-DCF7-49A8-8CA1-48EC6B50065E}"
EndProject
Project("{2150E333-8FDC-42A3-9474-1A3956D46DE8}") = "src", "src", "{838AC39A-367B-4392-BE94-4387DC88D3BD}"
EndProject
Project("{9A19103F-16F7-4668-BE54-9A1E7A4F7556}") = "FileStorage.Application", "MicroServices\FileStorage\FileStorage.Application\FileStorage.Application.csproj", "{63809688-A97A-452A-A4EA-3EF7225099FB}"
EndProject
Project("{9A19103F-16F7-4668-BE54-9A1E7A4F7556}") = "FileStorage.Application.Contracts", "MicroServices\FileStorage\FileStorage.Application.Contracts\FileStorage.Application.Contracts.csproj", "{EB959B68-AE10-47A4-9384-895439E35747}"
EndProject
Project("{9A19103F-16F7-4668-BE54-9A1E7A4F7556}") = "FileStorage.Domain", "MicroServices\FileStorage\FileStorage.Domain\FileStorage.Domain.csproj", "{F4B62A54-65FF-4123-88EC-4DA8966744A9}"
EndProject
Project("{9A19103F-16F7-4668-BE54-9A1E7A4F7556}") = "FileStorage.EntityFrameworkCore", "MicroServices\FileStorage\FileStorage.EntityFrameworkCore\FileStorage.EntityFrameworkCore.csproj", "{BDFA2227-0767-4C42-A4C1-5F44A9AB617F}"
EndProject
Global
	GlobalSection(SolutionConfigurationPlatforms) = preSolution
		Debug|Any CPU = Debug|Any CPU
		Release|Any CPU = Release|Any CPU
	EndGlobalSection
	GlobalSection(ProjectConfigurationPlatforms) = postSolution
		{931F61FF-83CA-4505-8A50-0A17074F7711}.Debug|Any CPU.ActiveCfg = Debug|Any CPU
		{931F61FF-83CA-4505-8A50-0A17074F7711}.Debug|Any CPU.Build.0 = Debug|Any CPU
		{931F61FF-83CA-4505-8A50-0A17074F7711}.Release|Any CPU.ActiveCfg = Release|Any CPU
		{931F61FF-83CA-4505-8A50-0A17074F7711}.Release|Any CPU.Build.0 = Release|Any CPU
		{CD11C3CA-39B5-43FB-8A86-D7A2C2A16C47}.Debug|Any CPU.ActiveCfg = Debug|Any CPU
		{CD11C3CA-39B5-43FB-8A86-D7A2C2A16C47}.Debug|Any CPU.Build.0 = Debug|Any CPU
		{CD11C3CA-39B5-43FB-8A86-D7A2C2A16C47}.Release|Any CPU.ActiveCfg = Release|Any CPU
		{CD11C3CA-39B5-43FB-8A86-D7A2C2A16C47}.Release|Any CPU.Build.0 = Release|Any CPU
		{E25BCCC0-AA00-43F0-A266-D5099CD6DE6D}.Debug|Any CPU.ActiveCfg = Debug|Any CPU
		{E25BCCC0-AA00-43F0-A266-D5099CD6DE6D}.Debug|Any CPU.Build.0 = Debug|Any CPU
		{E25BCCC0-AA00-43F0-A266-D5099CD6DE6D}.Release|Any CPU.ActiveCfg = Release|Any CPU
		{E25BCCC0-AA00-43F0-A266-D5099CD6DE6D}.Release|Any CPU.Build.0 = Release|Any CPU
		{4D7463B1-E88D-472F-8BEE-08D89865D79A}.Debug|Any CPU.ActiveCfg = Debug|Any CPU
		{4D7463B1-E88D-472F-8BEE-08D89865D79A}.Debug|Any CPU.Build.0 = Debug|Any CPU
		{4D7463B1-E88D-472F-8BEE-08D89865D79A}.Release|Any CPU.ActiveCfg = Release|Any CPU
		{4D7463B1-E88D-472F-8BEE-08D89865D79A}.Release|Any CPU.Build.0 = Release|Any CPU
		{AC6E88B8-9C49-48D5-AF81-015867F0969C}.Debug|Any CPU.ActiveCfg = Debug|Any CPU
		{AC6E88B8-9C49-48D5-AF81-015867F0969C}.Debug|Any CPU.Build.0 = Debug|Any CPU
		{AC6E88B8-9C49-48D5-AF81-015867F0969C}.Release|Any CPU.ActiveCfg = Release|Any CPU
		{AC6E88B8-9C49-48D5-AF81-015867F0969C}.Release|Any CPU.Build.0 = Release|Any CPU
		{C0B4DC85-DBAA-4A03-A63C-4F2691C7246D}.Debug|Any CPU.ActiveCfg = Debug|Any CPU
		{C0B4DC85-DBAA-4A03-A63C-4F2691C7246D}.Debug|Any CPU.Build.0 = Debug|Any CPU
		{C0B4DC85-DBAA-4A03-A63C-4F2691C7246D}.Release|Any CPU.ActiveCfg = Release|Any CPU
		{C0B4DC85-DBAA-4A03-A63C-4F2691C7246D}.Release|Any CPU.Build.0 = Release|Any CPU
		{0E7400DE-6338-4826-A884-420E8980E5DB}.Debug|Any CPU.ActiveCfg = Debug|Any CPU
		{0E7400DE-6338-4826-A884-420E8980E5DB}.Debug|Any CPU.Build.0 = Debug|Any CPU
		{0E7400DE-6338-4826-A884-420E8980E5DB}.Release|Any CPU.ActiveCfg = Release|Any CPU
		{0E7400DE-6338-4826-A884-420E8980E5DB}.Release|Any CPU.Build.0 = Release|Any CPU
		{4E97D0A3-C540-4C78-B335-37147216FB07}.Debug|Any CPU.ActiveCfg = Debug|Any CPU
		{4E97D0A3-C540-4C78-B335-37147216FB07}.Debug|Any CPU.Build.0 = Debug|Any CPU
		{4E97D0A3-C540-4C78-B335-37147216FB07}.Release|Any CPU.ActiveCfg = Release|Any CPU
		{4E97D0A3-C540-4C78-B335-37147216FB07}.Release|Any CPU.Build.0 = Release|Any CPU
		{7FD0A3DF-A199-4B8D-A6BC-7A5399CFC5D2}.Debug|Any CPU.ActiveCfg = Debug|Any CPU
		{7FD0A3DF-A199-4B8D-A6BC-7A5399CFC5D2}.Debug|Any CPU.Build.0 = Debug|Any CPU
		{7FD0A3DF-A199-4B8D-A6BC-7A5399CFC5D2}.Release|Any CPU.ActiveCfg = Release|Any CPU
		{7FD0A3DF-A199-4B8D-A6BC-7A5399CFC5D2}.Release|Any CPU.Build.0 = Release|Any CPU
		{C2F82C3D-EF28-4B1C-9296-FCFAF6665163}.Debug|Any CPU.ActiveCfg = Debug|Any CPU
		{C2F82C3D-EF28-4B1C-9296-FCFAF6665163}.Debug|Any CPU.Build.0 = Debug|Any CPU
		{C2F82C3D-EF28-4B1C-9296-FCFAF6665163}.Release|Any CPU.ActiveCfg = Release|Any CPU
		{C2F82C3D-EF28-4B1C-9296-FCFAF6665163}.Release|Any CPU.Build.0 = Release|Any CPU
		{90969988-38E5-4B3B-BA70-DF861DA67E5E}.Debug|Any CPU.ActiveCfg = Debug|Any CPU
		{90969988-38E5-4B3B-BA70-DF861DA67E5E}.Debug|Any CPU.Build.0 = Debug|Any CPU
		{90969988-38E5-4B3B-BA70-DF861DA67E5E}.Release|Any CPU.ActiveCfg = Release|Any CPU
		{90969988-38E5-4B3B-BA70-DF861DA67E5E}.Release|Any CPU.Build.0 = Release|Any CPU
		{03F9DAF7-52EF-4320-9E2E-57531C70D8B7}.Debug|Any CPU.ActiveCfg = Debug|Any CPU
		{03F9DAF7-52EF-4320-9E2E-57531C70D8B7}.Debug|Any CPU.Build.0 = Debug|Any CPU
		{03F9DAF7-52EF-4320-9E2E-57531C70D8B7}.Release|Any CPU.ActiveCfg = Release|Any CPU
		{03F9DAF7-52EF-4320-9E2E-57531C70D8B7}.Release|Any CPU.Build.0 = Release|Any CPU
		{B1E4C391-B947-4D43-9222-E14B5DEB7C08}.Debug|Any CPU.ActiveCfg = Debug|Any CPU
		{B1E4C391-B947-4D43-9222-E14B5DEB7C08}.Debug|Any CPU.Build.0 = Debug|Any CPU
		{B1E4C391-B947-4D43-9222-E14B5DEB7C08}.Release|Any CPU.ActiveCfg = Release|Any CPU
		{B1E4C391-B947-4D43-9222-E14B5DEB7C08}.Release|Any CPU.Build.0 = Release|Any CPU
		{0E7F43E4-D526-4D7A-9BF7-33F2F67B038D}.Debug|Any CPU.ActiveCfg = Debug|Any CPU
		{0E7F43E4-D526-4D7A-9BF7-33F2F67B038D}.Debug|Any CPU.Build.0 = Debug|Any CPU
		{0E7F43E4-D526-4D7A-9BF7-33F2F67B038D}.Release|Any CPU.ActiveCfg = Release|Any CPU
		{0E7F43E4-D526-4D7A-9BF7-33F2F67B038D}.Release|Any CPU.Build.0 = Release|Any CPU
		{5A8F9972-21AE-424B-B06E-2C91CB111075}.Debug|Any CPU.ActiveCfg = Debug|Any CPU
		{5A8F9972-21AE-424B-B06E-2C91CB111075}.Debug|Any CPU.Build.0 = Debug|Any CPU
		{5A8F9972-21AE-424B-B06E-2C91CB111075}.Release|Any CPU.ActiveCfg = Release|Any CPU
		{5A8F9972-21AE-424B-B06E-2C91CB111075}.Release|Any CPU.Build.0 = Release|Any CPU
		{03AF080B-68FF-4D02-8C7C-DF52FDB3B3CF}.Debug|Any CPU.ActiveCfg = Debug|Any CPU
		{03AF080B-68FF-4D02-8C7C-DF52FDB3B3CF}.Debug|Any CPU.Build.0 = Debug|Any CPU
		{03AF080B-68FF-4D02-8C7C-DF52FDB3B3CF}.Release|Any CPU.ActiveCfg = Release|Any CPU
		{03AF080B-68FF-4D02-8C7C-DF52FDB3B3CF}.Release|Any CPU.Build.0 = Release|Any CPU
		{7E5E3322-B32E-497B-B3F3-51D40951CDD1}.Debug|Any CPU.ActiveCfg = Debug|Any CPU
		{7E5E3322-B32E-497B-B3F3-51D40951CDD1}.Debug|Any CPU.Build.0 = Debug|Any CPU
		{7E5E3322-B32E-497B-B3F3-51D40951CDD1}.Release|Any CPU.ActiveCfg = Release|Any CPU
		{7E5E3322-B32E-497B-B3F3-51D40951CDD1}.Release|Any CPU.Build.0 = Release|Any CPU
		{96C4ECA1-A3EE-4562-AB57-F83D2CABE77D}.Debug|Any CPU.ActiveCfg = Debug|Any CPU
		{96C4ECA1-A3EE-4562-AB57-F83D2CABE77D}.Debug|Any CPU.Build.0 = Debug|Any CPU
		{96C4ECA1-A3EE-4562-AB57-F83D2CABE77D}.Release|Any CPU.ActiveCfg = Release|Any CPU
		{96C4ECA1-A3EE-4562-AB57-F83D2CABE77D}.Release|Any CPU.Build.0 = Release|Any CPU
		{63809688-A97A-452A-A4EA-3EF7225099FB}.Debug|Any CPU.ActiveCfg = Debug|Any CPU
		{63809688-A97A-452A-A4EA-3EF7225099FB}.Debug|Any CPU.Build.0 = Debug|Any CPU
		{63809688-A97A-452A-A4EA-3EF7225099FB}.Release|Any CPU.ActiveCfg = Release|Any CPU
		{63809688-A97A-452A-A4EA-3EF7225099FB}.Release|Any CPU.Build.0 = Release|Any CPU
		{EB959B68-AE10-47A4-9384-895439E35747}.Debug|Any CPU.ActiveCfg = Debug|Any CPU
		{EB959B68-AE10-47A4-9384-895439E35747}.Debug|Any CPU.Build.0 = Debug|Any CPU
		{EB959B68-AE10-47A4-9384-895439E35747}.Release|Any CPU.ActiveCfg = Release|Any CPU
		{EB959B68-AE10-47A4-9384-895439E35747}.Release|Any CPU.Build.0 = Release|Any CPU
		{F4B62A54-65FF-4123-88EC-4DA8966744A9}.Debug|Any CPU.ActiveCfg = Debug|Any CPU
		{F4B62A54-65FF-4123-88EC-4DA8966744A9}.Debug|Any CPU.Build.0 = Debug|Any CPU
		{F4B62A54-65FF-4123-88EC-4DA8966744A9}.Release|Any CPU.ActiveCfg = Release|Any CPU
		{F4B62A54-65FF-4123-88EC-4DA8966744A9}.Release|Any CPU.Build.0 = Release|Any CPU
		{BDFA2227-0767-4C42-A4C1-5F44A9AB617F}.Debug|Any CPU.ActiveCfg = Debug|Any CPU
		{BDFA2227-0767-4C42-A4C1-5F44A9AB617F}.Debug|Any CPU.Build.0 = Debug|Any CPU
		{BDFA2227-0767-4C42-A4C1-5F44A9AB617F}.Release|Any CPU.ActiveCfg = Release|Any CPU
		{BDFA2227-0767-4C42-A4C1-5F44A9AB617F}.Release|Any CPU.Build.0 = Release|Any CPU
	EndGlobalSection
	GlobalSection(SolutionProperties) = preSolution
		HideSolutionNode = FALSE
	EndGlobalSection
	GlobalSection(NestedProjects) = preSolution
		{931F61FF-83CA-4505-8A50-0A17074F7711} = {5CF9AC5B-64D4-46BC-A007-6206D65C814A}
		{CD11C3CA-39B5-43FB-8A86-D7A2C2A16C47} = {5CF9AC5B-64D4-46BC-A007-6206D65C814A}
		{E25BCCC0-AA00-43F0-A266-D5099CD6DE6D} = {0A47B1D6-16AA-4AB8-BB75-5CC04E9B31C8}
		{4D7463B1-E88D-472F-8BEE-08D89865D79A} = {0A47B1D6-16AA-4AB8-BB75-5CC04E9B31C8}
		{AC6E88B8-9C49-48D5-AF81-015867F0969C} = {5BFEE419-FF80-4B77-BFCF-2246F0248572}
		{C0B4DC85-DBAA-4A03-A63C-4F2691C7246D} = {5BFEE419-FF80-4B77-BFCF-2246F0248572}
		{60407F2C-C9AF-44F2-8219-161BE258A8F7} = {533E321A-9610-49CD-8504-884E4BC69D25}
		{3127098C-A3EE-4641-8146-DD58930A9494} = {60407F2C-C9AF-44F2-8219-161BE258A8F7}
		{0E7400DE-6338-4826-A884-420E8980E5DB} = {3127098C-A3EE-4641-8146-DD58930A9494}
		{4E97D0A3-C540-4C78-B335-37147216FB07} = {3127098C-A3EE-4641-8146-DD58930A9494}
		{7FD0A3DF-A199-4B8D-A6BC-7A5399CFC5D2} = {3127098C-A3EE-4641-8146-DD58930A9494}
		{C2F82C3D-EF28-4B1C-9296-FCFAF6665163} = {3127098C-A3EE-4641-8146-DD58930A9494}
		{90969988-38E5-4B3B-BA70-DF861DA67E5E} = {3127098C-A3EE-4641-8146-DD58930A9494}
		{03F9DAF7-52EF-4320-9E2E-57531C70D8B7} = {3127098C-A3EE-4641-8146-DD58930A9494}
		{5438CFE5-41A2-4EA7-936C-053D1E28558F} = {533E321A-9610-49CD-8504-884E4BC69D25}
		{2F2F5CE6-C555-4BF1-86B5-042D55FB3FE8} = {5438CFE5-41A2-4EA7-936C-053D1E28558F}
		{B1E4C391-B947-4D43-9222-E14B5DEB7C08} = {2F2F5CE6-C555-4BF1-86B5-042D55FB3FE8}
		{0E7F43E4-D526-4D7A-9BF7-33F2F67B038D} = {2F2F5CE6-C555-4BF1-86B5-042D55FB3FE8}
		{5A8F9972-21AE-424B-B06E-2C91CB111075} = {2F2F5CE6-C555-4BF1-86B5-042D55FB3FE8}
		{03AF080B-68FF-4D02-8C7C-DF52FDB3B3CF} = {2F2F5CE6-C555-4BF1-86B5-042D55FB3FE8}
		{7E5E3322-B32E-497B-B3F3-51D40951CDD1} = {2F2F5CE6-C555-4BF1-86B5-042D55FB3FE8}
		{96C4ECA1-A3EE-4562-AB57-F83D2CABE77D} = {2F2F5CE6-C555-4BF1-86B5-042D55FB3FE8}
		{84DF55F0-DCF7-49A8-8CA1-48EC6B50065E} = {533E321A-9610-49CD-8504-884E4BC69D25}
		{838AC39A-367B-4392-BE94-4387DC88D3BD} = {84DF55F0-DCF7-49A8-8CA1-48EC6B50065E}
		{63809688-A97A-452A-A4EA-3EF7225099FB} = {838AC39A-367B-4392-BE94-4387DC88D3BD}
		{EB959B68-AE10-47A4-9384-895439E35747} = {838AC39A-367B-4392-BE94-4387DC88D3BD}
		{F4B62A54-65FF-4123-88EC-4DA8966744A9} = {838AC39A-367B-4392-BE94-4387DC88D3BD}
		{BDFA2227-0767-4C42-A4C1-5F44A9AB617F} = {838AC39A-367B-4392-BE94-4387DC88D3BD}
	EndGlobalSection
	GlobalSection(ExtensibilityGlobals) = postSolution
		SolutionGuid = {6A228EA0-A690-448D-B763-2746EC75D66C}
	EndGlobalSection
EndGlobal
